
Microsoft Visual Studio Solution File, Format Version 12.00
# Visual Studio Version 17
VisualStudioVersion = 17.0.31912.275
MinimumVisualStudioVersion = 10.0.40219.1
Project("{9A19103F-16F7-4668-BE54-9A1E7A4F7556}") = "ChatApp5.0", "ChatApp5.0\ChatApp5.0.csproj", "{4BA76ED7-3795-4D73-9015-EDA23C7F6BB6}"
EndProject
Project("{9A19103F-16F7-4668-BE54-9A1E7A4F7556}") = "Library", "Library\Library.csproj", "{B8D3C767-44AE-4386-AB0B-DBB2AF176889}"
EndProject
Project("{9A19103F-16F7-4668-BE54-9A1E7A4F7556}") = "ChatApp.UnitTests", "ChatApp.UnitTests\ChatApp.UnitTests.csproj", "{F540D150-A5AB-4ACA-BC57-F86620CAC84C}"
EndProject
Project("{FAE04EC0-301F-11D3-BF4B-00C04F79EFBC}") = "EasyFileTransfer", "EasyFileTransfer\EasyFileTransfer.csproj", "{095B5958-8DA4-4098-A485-935D7271431D}"
EndProject
Global
	GlobalSection(SolutionConfigurationPlatforms) = preSolution
		Debug|Any CPU = Debug|Any CPU
		Release|Any CPU = Release|Any CPU
	EndGlobalSection
	GlobalSection(ProjectConfigurationPlatforms) = postSolution
		{4BA76ED7-3795-4D73-9015-EDA23C7F6BB6}.Debug|Any CPU.ActiveCfg = Debug|Any CPU
		{4BA76ED7-3795-4D73-9015-EDA23C7F6BB6}.Debug|Any CPU.Build.0 = Debug|Any CPU
		{4BA76ED7-3795-4D73-9015-EDA23C7F6BB6}.Release|Any CPU.ActiveCfg = Release|Any CPU
		{4BA76ED7-3795-4D73-9015-EDA23C7F6BB6}.Release|Any CPU.Build.0 = Release|Any CPU
		{B8D3C767-44AE-4386-AB0B-DBB2AF176889}.Debug|Any CPU.ActiveCfg = Debug|Any CPU
		{B8D3C767-44AE-4386-AB0B-DBB2AF176889}.Debug|Any CPU.Build.0 = Debug|Any CPU
		{B8D3C767-44AE-4386-AB0B-DBB2AF176889}.Release|Any CPU.ActiveCfg = Release|Any CPU
		{B8D3C767-44AE-4386-AB0B-DBB2AF176889}.Release|Any CPU.Build.0 = Release|Any CPU
		{F540D150-A5AB-4ACA-BC57-F86620CAC84C}.Debug|Any CPU.ActiveCfg = Debug|Any CPU
		{F540D150-A5AB-4ACA-BC57-F86620CAC84C}.Debug|Any CPU.Build.0 = Debug|Any CPU
		{F540D150-A5AB-4ACA-BC57-F86620CAC84C}.Release|Any CPU.ActiveCfg = Release|Any CPU
		{F540D150-A5AB-4ACA-BC57-F86620CAC84C}.Release|Any CPU.Build.0 = Release|Any CPU
		{095B5958-8DA4-4098-A485-935D7271431D}.Debug|Any CPU.ActiveCfg = Debug|Any CPU
		{095B5958-8DA4-4098-A485-935D7271431D}.Debug|Any CPU.Build.0 = Debug|Any CPU
		{095B5958-8DA4-4098-A485-935D7271431D}.Release|Any CPU.ActiveCfg = Release|Any CPU
		{095B5958-8DA4-4098-A485-935D7271431D}.Release|Any CPU.Build.0 = Release|Any CPU
	EndGlobalSection
	GlobalSection(SolutionProperties) = preSolution
		HideSolutionNode = FALSE
	EndGlobalSection
	GlobalSection(ExtensibilityGlobals) = postSolution
		SolutionGuid = {911FA041-7D57-4B13-A748-50E2F5D534B1}
	EndGlobalSection
EndGlobal
